
Microsoft Visual Studio Solution File, Format Version 12.00
# Visual Studio 2013
VisualStudioVersion = 12.0.31101.0
MinimumVisualStudioVersion = 10.0.40219.1
Project("{FAE04EC0-301F-11D3-BF4B-00C04F79EFBC}") = "W1-RockPaperScissors", "W1-RockPaperScissors\W1-RockPaperScissors.csproj", "{1441CE33-D3D5-4F16-B639-FC62637B34E1}"
EndProject
Global
	GlobalSection(SolutionConfigurationPlatforms) = preSolution
		Debug|Any CPU = Debug|Any CPU
		Release|Any CPU = Release|Any CPU
	EndGlobalSection
	GlobalSection(ProjectConfigurationPlatforms) = postSolution
		{1441CE33-D3D5-4F16-B639-FC62637B34E1}.Debug|Any CPU.ActiveCfg = Debug|Any CPU
		{1441CE33-D3D5-4F16-B639-FC62637B34E1}.Debug|Any CPU.Build.0 = Debug|Any CPU
		{1441CE33-D3D5-4F16-B639-FC62637B34E1}.Release|Any CPU.ActiveCfg = Release|Any CPU
		{1441CE33-D3D5-4F16-B639-FC62637B34E1}.Release|Any CPU.Build.0 = Release|Any CPU
	EndGlobalSection
	GlobalSection(SolutionProperties) = preSolution
		HideSolutionNode = FALSE
	EndGlobalSection
EndGlobal
